# This file is automatically @generated by Poetry 2.1.1 and should not be changed by hand.

[[package]]
name = "asgiref"
version = "3.8.1"
description = "ASGI specs, helper code, and adapters"
optional = false
python-versions = ">=3.8"
groups = ["main"]
files = [
    {file = "asgiref-3.8.1-py3-none-any.whl", hash = "sha256:3e1e3ecc849832fe52ccf2cb6686b7a55f82bb1d6aee72a58826471390335e47"},
    {file = "asgiref-3.8.1.tar.gz", hash = "sha256:c343bd80a0bec947a9860adb4c432ffa7db769836c64238fc34bdc3fec84d590"},
]

[package.extras]
tests = ["mypy (>=0.800)", "pytest", "pytest-asyncio"]

[[package]]
name = "certifi"
version = "2025.1.31"
description = "Python package for providing Mozilla's CA Bundle."
optional = false
python-versions = ">=3.6"
groups = ["main"]
files = [
    {file = "certifi-2025.1.31-py3-none-any.whl", hash = "sha256:ca78db4565a652026a4db2bcdf68f2fb589ea80d0be70e03929ed730746b84fe"},
    {file = "certifi-2025.1.31.tar.gz", hash = "sha256:3d5da6925056f6f18f119200434a4780a94263f10d1c21d032a6f6b2baa20651"},
]

[[package]]
name = "charset-normalizer"
version = "3.4.1"
description = "The Real First Universal Charset Detector. Open, modern and actively maintained alternative to Chardet."
optional = false
python-versions = ">=3.7"
groups = ["main"]
files = [
    {file = "charset_normalizer-3.4.1-cp310-cp310-macosx_10_9_universal2.whl", hash = "sha256:91b36a978b5ae0ee86c394f5a54d6ef44db1de0815eb43de826d41d21e4af3de"},
    {file = "charset_normalizer-3.4.1-cp310-cp310-manylinux_2_17_aarch64.manylinux2014_aarch64.whl", hash = "sha256:7461baadb4dc00fd9e0acbe254e3d7d2112e7f92ced2adc96e54ef6501c5f176"},
    {file = "charset_normalizer-3.4.1-cp310-cp310-manylinux_2_17_ppc64le.manylinux2014_ppc64le.whl", hash = "sha256:e218488cd232553829be0664c2292d3af2eeeb94b32bea483cf79ac6a694e037"},
    {file = "charset_normalizer-3.4.1-cp310-cp310-manylinux_2_17_s390x.manylinux2014_s390x.whl", hash = "sha256:80ed5e856eb7f30115aaf94e4a08114ccc8813e6ed1b5efa74f9f82e8509858f"},
    {file = "charset_normalizer-3.4.1-cp310-cp310-manylinux_2_17_x86_64.manylinux2014_x86_64.whl", hash = "sha256:b010a7a4fd316c3c484d482922d13044979e78d1861f0e0650423144c616a46a"},
    {file = "charset_normalizer-3.4.1-cp310-cp310-manylinux_2_5_i686.manylinux1_i686.manylinux_2_17_i686.manylinux2014_i686.whl", hash = "sha256:4532bff1b8421fd0a320463030c7520f56a79c9024a4e88f01c537316019005a"},
    {file = "charset_normalizer-3.4.1-cp310-cp310-musllinux_1_2_aarch64.whl", hash = "sha256:d973f03c0cb71c5ed99037b870f2be986c3c05e63622c017ea9816881d2dd247"},
    {file = "charset_normalizer-3.4.1-cp310-cp310-musllinux_1_2_i686.whl", hash = "sha256:3a3bd0dcd373514dcec91c411ddb9632c0d7d92aed7093b8c3bbb6d69ca74408"},
    {file = "charset_normalizer-3.4.1-cp310-cp310-musllinux_1_2_ppc64le.whl", hash = "sha256:d9c3cdf5390dcd29aa8056d13e8e99526cda0305acc038b96b30352aff5ff2bb"},
    {file = "charset_normalizer-3.4.1-cp310-cp310-musllinux_1_2_s390x.whl", hash = "sha256:2bdfe3ac2e1bbe5b59a1a63721eb3b95fc9b6817ae4a46debbb4e11f6232428d"},
    {file = "charset_normalizer-3.4.1-cp310-cp310-musllinux_1_2_x86_64.whl", hash = "sha256:eab677309cdb30d047996b36d34caeda1dc91149e4fdca0b1a039b3f79d9a807"},
    {file = "charset_normalizer-3.4.1-cp310-cp310-win32.whl", hash = "sha256:c0429126cf75e16c4f0ad00ee0eae4242dc652290f940152ca8c75c3a4b6ee8f"},
    {file = "charset_normalizer-3.4.1-cp310-cp310-win_amd64.whl", hash = "sha256:9f0b8b1c6d84c8034a44893aba5e767bf9c7a211e313a9605d9c617d7083829f"},
    {file = "charset_normalizer-3.4.1-cp311-cp311-macosx_10_9_universal2.whl", hash = "sha256:8bfa33f4f2672964266e940dd22a195989ba31669bd84629f05fab3ef4e2d125"},
    {file = "charset_normalizer-3.4.1-cp311-cp311-manylinux_2_17_aarch64.manylinux2014_aarch64.whl", hash = "sha256:28bf57629c75e810b6ae989f03c0828d64d6b26a5e205535585f96093e405ed1"},
    {file = "charset_normalizer-3.4.1-cp311-cp311-manylinux_2_17_ppc64le.manylinux2014_ppc64le.whl", hash = "sha256:f08ff5e948271dc7e18a35641d2f11a4cd8dfd5634f55228b691e62b37125eb3"},
    {file = "charset_normalizer-3.4.1-cp311-cp311-manylinux_2_17_s390x.manylinux2014_s390x.whl", hash = "sha256:234ac59ea147c59ee4da87a0c0f098e9c8d169f4dc2a159ef720f1a61bbe27cd"},
    {file = "charset_normalizer-3.4.1-cp311-cp311-manylinux_2_17_x86_64.manylinux2014_x86_64.whl", hash = "sha256:fd4ec41f914fa74ad1b8304bbc634b3de73d2a0889bd32076342a573e0779e00"},
    {file = "charset_normalizer-3.4.1-cp311-cp311-manylinux_2_5_i686.manylinux1_i686.manylinux_2_17_i686.manylinux2014_i686.whl", hash = "sha256:eea6ee1db730b3483adf394ea72f808b6e18cf3cb6454b4d86e04fa8c4327a12"},
    {file = "charset_normalizer-3.4.1-cp311-cp311-musllinux_1_2_aarch64.whl", hash = "sha256:c96836c97b1238e9c9e3fe90844c947d5afbf4f4c92762679acfe19927d81d77"},
    {file = "charset_normalizer-3.4.1-cp311-cp311-musllinux_1_2_i686.whl", hash = "sha256:4d86f7aff21ee58f26dcf5ae81a9addbd914115cdebcbb2217e4f0ed8982e146"},
    {file = "charset_normalizer-3.4.1-cp311-cp311-musllinux_1_2_ppc64le.whl", hash = "sha256:09b5e6733cbd160dcc09589227187e242a30a49ca5cefa5a7edd3f9d19ed53fd"},
    {file = "charset_normalizer-3.4.1-cp311-cp311-musllinux_1_2_s390x.whl", hash = "sha256:5777ee0881f9499ed0f71cc82cf873d9a0ca8af166dfa0af8ec4e675b7df48e6"},
    {file = "charset_normalizer-3.4.1-cp311-cp311-musllinux_1_2_x86_64.whl", hash = "sha256:237bdbe6159cff53b4f24f397d43c6336c6b0b42affbe857970cefbb620911c8"},
    {file = "charset_normalizer-3.4.1-cp311-cp311-win32.whl", hash = "sha256:8417cb1f36cc0bc7eaba8ccb0e04d55f0ee52df06df3ad55259b9a323555fc8b"},
    {file = "charset_normalizer-3.4.1-cp311-cp311-win_amd64.whl", hash = "sha256:d7f50a1f8c450f3925cb367d011448c39239bb3eb4117c36a6d354794de4ce76"},
    {file = "charset_normalizer-3.4.1-cp312-cp312-macosx_10_13_universal2.whl", hash = "sha256:73d94b58ec7fecbc7366247d3b0b10a21681004153238750bb67bd9012414545"},
    {file = "charset_normalizer-3.4.1-cp312-cp312-manylinux_2_17_aarch64.manylinux2014_aarch64.whl", hash = "sha256:dad3e487649f498dd991eeb901125411559b22e8d7ab25d3aeb1af367df5efd7"},
    {file = "charset_normalizer-3.4.1-cp312-cp312-manylinux_2_17_ppc64le.manylinux2014_ppc64le.whl", hash = "sha256:c30197aa96e8eed02200a83fba2657b4c3acd0f0aa4bdc9f6c1af8e8962e0757"},
    {file = "charset_normalizer-3.4.1-cp312-cp312-manylinux_2_17_s390x.manylinux2014_s390x.whl", hash = "sha256:2369eea1ee4a7610a860d88f268eb39b95cb588acd7235e02fd5a5601773d4fa"},
    {file = "charset_normalizer-3.4.1-cp312-cp312-manylinux_2_17_x86_64.manylinux2014_x86_64.whl", hash = "sha256:bc2722592d8998c870fa4e290c2eec2c1569b87fe58618e67d38b4665dfa680d"},
    {file = "charset_normalizer-3.4.1-cp312-cp312-manylinux_2_5_i686.manylinux1_i686.manylinux_2_17_i686.manylinux2014_i686.whl", hash = "sha256:ffc9202a29ab3920fa812879e95a9e78b2465fd10be7fcbd042899695d75e616"},
    {file = "charset_normalizer-3.4.1-cp312-cp312-musllinux_1_2_aarch64.whl", hash = "sha256:804a4d582ba6e5b747c625bf1255e6b1507465494a40a2130978bda7b932c90b"},
    {file = "charset_normalizer-3.4.1-cp312-cp312-musllinux_1_2_i686.whl", hash = "sha256:0f55e69f030f7163dffe9fd0752b32f070566451afe180f99dbeeb81f511ad8d"},
    {file = "charset_normalizer-3.4.1-cp312-cp312-musllinux_1_2_ppc64le.whl", hash = "sha256:c4c3e6da02df6fa1410a7680bd3f63d4f710232d3139089536310d027950696a"},
    {file = "charset_normalizer-3.4.1-cp312-cp312-musllinux_1_2_s390x.whl", hash = "sha256:5df196eb874dae23dcfb968c83d4f8fdccb333330fe1fc278ac5ceeb101003a9"},
    {file = "charset_normalizer-3.4.1-cp312-cp312-musllinux_1_2_x86_64.whl", hash = "sha256:e358e64305fe12299a08e08978f51fc21fac060dcfcddd95453eabe5b93ed0e1"},
    {file = "charset_normalizer-3.4.1-cp312-cp312-win32.whl", hash = "sha256:9b23ca7ef998bc739bf6ffc077c2116917eabcc901f88da1b9856b210ef63f35"},
    {file = "charset_normalizer-3.4.1-cp312-cp312-win_amd64.whl", hash = "sha256:6ff8a4a60c227ad87030d76e99cd1698345d4491638dfa6673027c48b3cd395f"},
    {file = "charset_normalizer-3.4.1-cp313-cp313-macosx_10_13_universal2.whl", hash = "sha256:aabfa34badd18f1da5ec1bc2715cadc8dca465868a4e73a0173466b688f29dda"},
    {file = "charset_normalizer-3.4.1-cp313-cp313-manylinux_2_17_aarch64.manylinux2014_aarch64.whl", hash = "sha256:22e14b5d70560b8dd51ec22863f370d1e595ac3d024cb8ad7d308b4cd95f8313"},
    {file = "charset_normalizer-3.4.1-cp313-cp313-manylinux_2_17_ppc64le.manylinux2014_ppc64le.whl", hash = "sha256:8436c508b408b82d87dc5f62496973a1805cd46727c34440b0d29d8a2f50a6c9"},
    {file = "charset_normalizer-3.4.1-cp313-cp313-manylinux_2_17_s390x.manylinux2014_s390x.whl", hash = "sha256:2d074908e1aecee37a7635990b2c6d504cd4766c7bc9fc86d63f9c09af3fa11b"},
    {file = "charset_normalizer-3.4.1-cp313-cp313-manylinux_2_17_x86_64.manylinux2014_x86_64.whl", hash = "sha256:955f8851919303c92343d2f66165294848d57e9bba6cf6e3625485a70a038d11"},
    {file = "charset_normalizer-3.4.1-cp313-cp313-manylinux_2_5_i686.manylinux1_i686.manylinux_2_17_i686.manylinux2014_i686.whl", hash = "sha256:44ecbf16649486d4aebafeaa7ec4c9fed8b88101f4dd612dcaf65d5e815f837f"},
    {file = "charset_normalizer-3.4.1-cp313-cp313-musllinux_1_2_aarch64.whl", hash = "sha256:0924e81d3d5e70f8126529951dac65c1010cdf117bb75eb02dd12339b57749dd"},
    {file = "charset_normalizer-3.4.1-cp313-cp313-musllinux_1_2_i686.whl", hash = "sha256:2967f74ad52c3b98de4c3b32e1a44e32975e008a9cd2a8cc8966d6a5218c5cb2"},
    {file = "charset_normalizer-3.4.1-cp313-cp313-musllinux_1_2_ppc64le.whl", hash = "sha256:c75cb2a3e389853835e84a2d8fb2b81a10645b503eca9bcb98df6b5a43eb8886"},
    {file = "charset_normalizer-3.4.1-cp313-cp313-musllinux_1_2_s390x.whl", hash = "sha256:09b26ae6b1abf0d27570633b2b078a2a20419c99d66fb2823173d73f188ce601"},
    {file = "charset_normalizer-3.4.1-cp313-cp313-musllinux_1_2_x86_64.whl", hash = "sha256:fa88b843d6e211393a37219e6a1c1df99d35e8fd90446f1118f4216e307e48cd"},
    {file = "charset_normalizer-3.4.1-cp313-cp313-win32.whl", hash = "sha256:eb8178fe3dba6450a3e024e95ac49ed3400e506fd4e9e5c32d30adda88cbd407"},
    {file = "charset_normalizer-3.4.1-cp313-cp313-win_amd64.whl", hash = "sha256:b1ac5992a838106edb89654e0aebfc24f5848ae2547d22c2c3f66454daa11971"},
    {file = "charset_normalizer-3.4.1-cp37-cp37m-manylinux_2_17_aarch64.manylinux2014_aarch64.whl", hash = "sha256:f30bf9fd9be89ecb2360c7d94a711f00c09b976258846efe40db3d05828e8089"},
    {file = "charset_normalizer-3.4.1-cp37-cp37m-manylinux_2_17_ppc64le.manylinux2014_ppc64le.whl", hash = "sha256:97f68b8d6831127e4787ad15e6757232e14e12060bec17091b85eb1486b91d8d"},
    {file = "charset_normalizer-3.4.1-cp37-cp37m-manylinux_2_17_s390x.manylinux2014_s390x.whl", hash = "sha256:7974a0b5ecd505609e3b19742b60cee7aa2aa2fb3151bc917e6e2646d7667dcf"},
    {file = "charset_normalizer-3.4.1-cp37-cp37m-manylinux_2_17_x86_64.manylinux2014_x86_64.whl", hash = "sha256:fc54db6c8593ef7d4b2a331b58653356cf04f67c960f584edb7c3d8c97e8f39e"},
    {file = "charset_normalizer-3.4.1-cp37-cp37m-manylinux_2_5_i686.manylinux1_i686.manylinux_2_17_i686.manylinux2014_i686.whl", hash = "sha256:311f30128d7d333eebd7896965bfcfbd0065f1716ec92bd5638d7748eb6f936a"},
    {file = "charset_normalizer-3.4.1-cp37-cp37m-musllinux_1_2_aarch64.whl", hash = "sha256:7d053096f67cd1241601111b698f5cad775f97ab25d81567d3f59219b5f1adbd"},
    {file = "charset_normalizer-3.4.1-cp37-cp37m-musllinux_1_2_i686.whl", hash = "sha256:807f52c1f798eef6cf26beb819eeb8819b1622ddfeef9d0977a8502d4db6d534"},
    {file = "charset_normalizer-3.4.1-cp37-cp37m-musllinux_1_2_ppc64le.whl", hash = "sha256:dccbe65bd2f7f7ec22c4ff99ed56faa1e9f785482b9bbd7c717e26fd723a1d1e"},
    {file = "charset_normalizer-3.4.1-cp37-cp37m-musllinux_1_2_s390x.whl", hash = "sha256:2fb9bd477fdea8684f78791a6de97a953c51831ee2981f8e4f583ff3b9d9687e"},
    {file = "charset_normalizer-3.4.1-cp37-cp37m-musllinux_1_2_x86_64.whl", hash = "sha256:01732659ba9b5b873fc117534143e4feefecf3b2078b0a6a2e925271bb6f4cfa"},
    {file = "charset_normalizer-3.4.1-cp37-cp37m-win32.whl", hash = "sha256:7a4f97a081603d2050bfaffdefa5b02a9ec823f8348a572e39032caa8404a487"},
    {file = "charset_normalizer-3.4.1-cp37-cp37m-win_amd64.whl", hash = "sha256:7b1bef6280950ee6c177b326508f86cad7ad4dff12454483b51d8b7d673a2c5d"},
    {file = "charset_normalizer-3.4.1-cp38-cp38-macosx_10_9_universal2.whl", hash = "sha256:ecddf25bee22fe4fe3737a399d0d177d72bc22be6913acfab364b40bce1ba83c"},
    {file = "charset_normalizer-3.4.1-cp38-cp38-manylinux_2_17_aarch64.manylinux2014_aarch64.whl", hash = "sha256:8c60ca7339acd497a55b0ea5d506b2a2612afb2826560416f6894e8b5770d4a9"},
    {file = "charset_normalizer-3.4.1-cp38-cp38-manylinux_2_17_ppc64le.manylinux2014_ppc64le.whl", hash = "sha256:b7b2d86dd06bfc2ade3312a83a5c364c7ec2e3498f8734282c6c3d4b07b346b8"},
    {file = "charset_normalizer-3.4.1-cp38-cp38-manylinux_2_17_s390x.manylinux2014_s390x.whl", hash = "sha256:dd78cfcda14a1ef52584dbb008f7ac81c1328c0f58184bf9a84c49c605002da6"},
    {file = "charset_normalizer-3.4.1-cp38-cp38-manylinux_2_17_x86_64.manylinux2014_x86_64.whl", hash = "sha256:6e27f48bcd0957c6d4cb9d6fa6b61d192d0b13d5ef563e5f2ae35feafc0d179c"},
    {file = "charset_normalizer-3.4.1-cp38-cp38-manylinux_2_5_i686.manylinux1_i686.manylinux_2_17_i686.manylinux2014_i686.whl", hash = "sha256:01ad647cdd609225c5350561d084b42ddf732f4eeefe6e678765636791e78b9a"},
    {file = "charset_normalizer-3.4.1-cp38-cp38-musllinux_1_2_aarch64.whl", hash = "sha256:619a609aa74ae43d90ed2e89bdd784765de0a25ca761b93e196d938b8fd1dbbd"},
    {file = "charset_normalizer-3.4.1-cp38-cp38-musllinux_1_2_i686.whl", hash = "sha256:89149166622f4db9b4b6a449256291dc87a99ee53151c74cbd82a53c8c2f6ccd"},
    {file = "charset_normalizer-3.4.1-cp38-cp38-musllinux_1_2_ppc64le.whl", hash = "sha256:7709f51f5f7c853f0fb938bcd3bc59cdfdc5203635ffd18bf354f6967ea0f824"},
    {file = "charset_normalizer-3.4.1-cp38-cp38-musllinux_1_2_s390x.whl", hash = "sha256:345b0426edd4e18138d6528aed636de7a9ed169b4aaf9d61a8c19e39d26838ca"},
    {file = "charset_normalizer-3.4.1-cp38-cp38-musllinux_1_2_x86_64.whl", hash = "sha256:0907f11d019260cdc3f94fbdb23ff9125f6b5d1039b76003b5b0ac9d6a6c9d5b"},
    {file = "charset_normalizer-3.4.1-cp38-cp38-win32.whl", hash = "sha256:ea0d8d539afa5eb2728aa1932a988a9a7af94f18582ffae4bc10b3fbdad0626e"},
    {file = "charset_normalizer-3.4.1-cp38-cp38-win_amd64.whl", hash = "sha256:329ce159e82018d646c7ac45b01a430369d526569ec08516081727a20e9e4af4"},
    {file = "charset_normalizer-3.4.1-cp39-cp39-macosx_10_9_universal2.whl", hash = "sha256:b97e690a2118911e39b4042088092771b4ae3fc3aa86518f84b8cf6888dbdb41"},
    {file = "charset_normalizer-3.4.1-cp39-cp39-manylinux_2_17_aarch64.manylinux2014_aarch64.whl", hash = "sha256:78baa6d91634dfb69ec52a463534bc0df05dbd546209b79a3880a34487f4b84f"},
    {file = "charset_normalizer-3.4.1-cp39-cp39-manylinux_2_17_ppc64le.manylinux2014_ppc64le.whl", hash = "sha256:1a2bc9f351a75ef49d664206d51f8e5ede9da246602dc2d2726837620ea034b2"},
    {file = "charset_normalizer-3.4.1-cp39-cp39-manylinux_2_17_s390x.manylinux2014_s390x.whl", hash = "sha256:75832c08354f595c760a804588b9357d34ec00ba1c940c15e31e96d902093770"},
    {file = "charset_normalizer-3.4.1-cp39-cp39-manylinux_2_17_x86_64.manylinux2014_x86_64.whl", hash = "sha256:0af291f4fe114be0280cdd29d533696a77b5b49cfde5467176ecab32353395c4"},
    {file = "charset_normalizer-3.4.1-cp39-cp39-manylinux_2_5_i686.manylinux1_i686.manylinux_2_17_i686.manylinux2014_i686.whl", hash = "sha256:0167ddc8ab6508fe81860a57dd472b2ef4060e8d378f0cc555707126830f2537"},
    {file = "charset_normalizer-3.4.1-cp39-cp39-musllinux_1_2_aarch64.whl", hash = "sha256:2a75d49014d118e4198bcee5ee0a6f25856b29b12dbf7cd012791f8a6cc5c496"},
    {file = "charset_normalizer-3.4.1-cp39-cp39-musllinux_1_2_i686.whl", hash = "sha256:363e2f92b0f0174b2f8238240a1a30142e3db7b957a5dd5689b0e75fb717cc78"},
    {file = "charset_normalizer-3.4.1-cp39-cp39-musllinux_1_2_ppc64le.whl", hash = "sha256:ab36c8eb7e454e34e60eb55ca5d241a5d18b2c6244f6827a30e451c42410b5f7"},
    {file = "charset_normalizer-3.4.1-cp39-cp39-musllinux_1_2_s390x.whl", hash = "sha256:4c0907b1928a36d5a998d72d64d8eaa7244989f7aaaf947500d3a800c83a3fd6"},
    {file = "charset_normalizer-3.4.1-cp39-cp39-musllinux_1_2_x86_64.whl", hash = "sha256:04432ad9479fa40ec0f387795ddad4437a2b50417c69fa275e212933519ff294"},
    {file = "charset_normalizer-3.4.1-cp39-cp39-win32.whl", hash = "sha256:3bed14e9c89dcb10e8f3a29f9ccac4955aebe93c71ae803af79265c9ca5644c5"},
    {file = "charset_normalizer-3.4.1-cp39-cp39-win_amd64.whl", hash = "sha256:49402233c892a461407c512a19435d1ce275543138294f7ef013f0b63d5d3765"},
    {file = "charset_normalizer-3.4.1-py3-none-any.whl", hash = "sha256:d98b1668f06378c6dbefec3b92299716b931cd4e6061f3c875a71ced1780ab85"},
    {file = "charset_normalizer-3.4.1.tar.gz", hash = "sha256:44251f18cd68a75b56585dd00dae26183e102cd5e0f9f1466e6df5da2ed64ea3"},
]

[[package]]
name = "django"
version = "5.2"
description = "A high-level Python web framework that encourages rapid development and clean, pragmatic design."
optional = false
python-versions = ">=3.10"
groups = ["main"]
files = [
    {file = "Django-5.2-py3-none-any.whl", hash = "sha256:91ceed4e3a6db5aedced65e3c8f963118ea9ba753fc620831c77074e620e7d83"},
    {file = "Django-5.2.tar.gz", hash = "sha256:1a47f7a7a3d43ce64570d350e008d2949abe8c7e21737b351b6a1611277c6d89"},
]

[package.dependencies]
asgiref = ">=3.8.1"
sqlparse = ">=0.3.1"
tzdata = {version = "*", markers = "sys_platform == \"win32\""}

[package.extras]
argon2 = ["argon2-cffi (>=19.1.0)"]
bcrypt = ["bcrypt"]

[[package]]
name = "django-appconf"
version = "1.1.0"
description = "A helper class for handling configuration defaults of packaged apps gracefully."
optional = false
python-versions = ">=3.9"
groups = ["main"]
files = [
    {file = "django-appconf-1.1.0.tar.gz", hash = "sha256:9fcead372f82a0f21ee189434e7ae9c007cbb29af1118c18251720f3d06243e4"},
    {file = "django_appconf-1.1.0-py3-none-any.whl", hash = "sha256:7abd5a163ff57557f216e84d3ce9dac36c37ffce1ab9a044d3d53b7c943dd10f"},
]

[package.dependencies]
django = "*"

[[package]]
name = "django-braces"
version = "1.17.0"
description = "Reusable, generic mixins for Django"
optional = false
python-versions = "*"
groups = ["main"]
files = [
    {file = "django_braces-1.17.0-py3-none-any.whl", hash = "sha256:18c9fe889bc673bddee6110f23a8c57fefe99663c8c683a7c2ac4f8f8743674d"},
    {file = "django_braces-1.17.0.tar.gz", hash = "sha256:3a6fe630d3d91fef0711bfe1088d14af00c245559f79f6298040ed2b2f757337"},
]

[package.dependencies]
Django = ">=2.2"

[[package]]
name = "django-compressor"
version = "4.5.1"
description = "('Compresses linked and inline JavaScript or CSS into single cached files.',)"
optional = false
python-versions = ">=3.8"
groups = ["main"]
files = [
    {file = "django_compressor-4.5.1-py2.py3-none-any.whl", hash = "sha256:87741edee4e7f24f3e0b8072d94a990cfb010cb2ca7cc443944da8e193cdea65"},
    {file = "django_compressor-4.5.1.tar.gz", hash = "sha256:c1d8a48a2ee4d8b7f23c411eb9c97e2d88db18a18ba1c9e8178d5f5b8366a822"},
]

[package.dependencies]
Django = ">=4.2"
django-appconf = ">=1.0.3"
rcssmin = "1.1.2"
rjsmin = "1.2.2"

[[package]]
name = "django-embed-video"
version = "1.4.10"
description = "Django app for easy embedding YouTube and Vimeo videos and music from SoundCloud."
optional = false
python-versions = "*"
groups = ["main"]
files = [
    {file = "django_embed_video-1.4.10-py3-none-any.whl", hash = "sha256:ca74bb52215959c63ca578f1c1158e2c7f99b2f2c8f6fbe87ad89afcd226ad06"},
    {file = "django_embed_video-1.4.10.tar.gz", hash = "sha256:45f9fb4a8c64a937ef1801237738572103f1e46d9056df637b4063db13f4ca36"},
]

[package.dependencies]
Django = ">=3.2"
requests = ">=2.19"

[[package]]
name = "djangorestframework"
version = "3.16.0"
description = "Web APIs for Django, made easy."
optional = false
python-versions = ">=3.9"
groups = ["main"]
files = [
    {file = "djangorestframework-3.16.0-py3-none-any.whl", hash = "sha256:bea7e9f6b96a8584c5224bfb2e4348dfb3f8b5e34edbecb98da258e892089361"},
    {file = "djangorestframework-3.16.0.tar.gz", hash = "sha256:f022ff46613584de994c0c6a4aebbace5fd700555fbe9d33b865ebf173eba6c9"},
]

[package.dependencies]
django = ">=4.2"

[[package]]
name = "faker"
version = "37.1.0"
description = "Faker is a Python package that generates fake data for you."
optional = false
python-versions = ">=3.9"
groups = ["main"]
files = [
    {file = "faker-37.1.0-py3-none-any.whl", hash = "sha256:dc2f730be71cb770e9c715b13374d80dbcee879675121ab51f9683d262ae9a1c"},
    {file = "faker-37.1.0.tar.gz", hash = "sha256:ad9dc66a3b84888b837ca729e85299a96b58fdaef0323ed0baace93c9614af06"},
]

[package.dependencies]
tzdata = "*"

[[package]]
name = "idna"
version = "3.10"
description = "Internationalized Domain Names in Applications (IDNA)"
optional = false
python-versions = ">=3.6"
groups = ["main"]
files = [
    {file = "idna-3.10-py3-none-any.whl", hash = "sha256:946d195a0d259cbba61165e88e65941f16e9b36ea6ddb97f00452bae8b1287d3"},
    {file = "idna-3.10.tar.gz", hash = "sha256:12f65c9b470abda6dc35cf8e63cc574b1c52b11df2c86030af0ac09b01b13ea9"},
]

[package.extras]
all = ["flake8 (>=7.1.1)", "mypy (>=1.11.2)", "pytest (>=8.3.2)", "ruff (>=0.6.2)"]

[[package]]
name = "pillow"
version = "11.1.0"
description = "Python Imaging Library (Fork)"
optional = false
python-versions = ">=3.9"
groups = ["main"]
files = [
    {file = "pillow-11.1.0-cp310-cp310-macosx_10_10_x86_64.whl", hash = "sha256:e1abe69aca89514737465752b4bcaf8016de61b3be1397a8fc260ba33321b3a8"},
    {file = "pillow-11.1.0-cp310-cp310-macosx_11_0_arm64.whl", hash = "sha256:c640e5a06869c75994624551f45e5506e4256562ead981cce820d5ab39ae2192"},
    {file = "pillow-11.1.0-cp310-cp310-manylinux_2_17_aarch64.manylinux2014_aarch64.whl", hash = "sha256:a07dba04c5e22824816b2615ad7a7484432d7f540e6fa86af60d2de57b0fcee2"},
    {file = "pillow-11.1.0-cp310-cp310-manylinux_2_17_x86_64.manylinux2014_x86_64.whl", hash = "sha256:e267b0ed063341f3e60acd25c05200df4193e15a4a5807075cd71225a2386e26"},
    {file = "pillow-11.1.0-cp310-cp310-manylinux_2_28_aarch64.whl", hash = "sha256:bd165131fd51697e22421d0e467997ad31621b74bfc0b75956608cb2906dda07"},
    {file = "pillow-11.1.0-cp310-cp310-manylinux_2_28_x86_64.whl", hash = "sha256:abc56501c3fd148d60659aae0af6ddc149660469082859fa7b066a298bde9482"},
    {file = "pillow-11.1.0-cp310-cp310-musllinux_1_2_aarch64.whl", hash = "sha256:54ce1c9a16a9561b6d6d8cb30089ab1e5eb66918cb47d457bd996ef34182922e"},
    {file = "pillow-11.1.0-cp310-cp310-musllinux_1_2_x86_64.whl", hash = "sha256:73ddde795ee9b06257dac5ad42fcb07f3b9b813f8c1f7f870f402f4dc54b5269"},
    {file = "pillow-11.1.0-cp310-cp310-win32.whl", hash = "sha256:3a5fe20a7b66e8135d7fd617b13272626a28278d0e578c98720d9ba4b2439d49"},
    {file = "pillow-11.1.0-cp310-cp310-win_amd64.whl", hash = "sha256:b6123aa4a59d75f06e9dd3dac5bf8bc9aa383121bb3dd9a7a612e05eabc9961a"},
    {file = "pillow-11.1.0-cp310-cp310-win_arm64.whl", hash = "sha256:a76da0a31da6fcae4210aa94fd779c65c75786bc9af06289cd1c184451ef7a65"},
    {file = "pillow-11.1.0-cp311-cp311-macosx_10_10_x86_64.whl", hash = "sha256:e06695e0326d05b06833b40b7ef477e475d0b1ba3a6d27da1bb48c23209bf457"},
    {file = "pillow-11.1.0-cp311-cp311-macosx_11_0_arm64.whl", hash = "sha256:96f82000e12f23e4f29346e42702b6ed9a2f2fea34a740dd5ffffcc8c539eb35"},
    {file = "pillow-11.1.0-cp311-cp311-manylinux_2_17_aarch64.manylinux2014_aarch64.whl", hash = "sha256:a3cd561ded2cf2bbae44d4605837221b987c216cff94f49dfeed63488bb228d2"},
    {file = "pillow-11.1.0-cp311-cp311-manylinux_2_17_x86_64.manylinux2014_x86_64.whl", hash = "sha256:f189805c8be5ca5add39e6f899e6ce2ed824e65fb45f3c28cb2841911da19070"},
    {file = "pillow-11.1.0-cp311-cp311-manylinux_2_28_aarch64.whl", hash = "sha256:dd0052e9db3474df30433f83a71b9b23bd9e4ef1de13d92df21a52c0303b8ab6"},
    {file = "pillow-11.1.0-cp311-cp311-manylinux_2_28_x86_64.whl", hash = "sha256:837060a8599b8f5d402e97197d4924f05a2e0d68756998345c829c33186217b1"},
    {file = "pillow-11.1.0-cp311-cp311-musllinux_1_2_aarch64.whl", hash = "sha256:aa8dd43daa836b9a8128dbe7d923423e5ad86f50a7a14dc688194b7be5c0dea2"},
    {file = "pillow-11.1.0-cp311-cp311-musllinux_1_2_x86_64.whl", hash = "sha256:0a2f91f8a8b367e7a57c6e91cd25af510168091fb89ec5146003e424e1558a96"},
    {file = "pillow-11.1.0-cp311-cp311-win32.whl", hash = "sha256:c12fc111ef090845de2bb15009372175d76ac99969bdf31e2ce9b42e4b8cd88f"},
    {file = "pillow-11.1.0-cp311-cp311-win_amd64.whl", hash = "sha256:fbd43429d0d7ed6533b25fc993861b8fd512c42d04514a0dd6337fb3ccf22761"},
    {file = "pillow-11.1.0-cp311-cp311-win_arm64.whl", hash = "sha256:f7955ecf5609dee9442cbface754f2c6e541d9e6eda87fad7f7a989b0bdb9d71"},
    {file = "pillow-11.1.0-cp312-cp312-macosx_10_13_x86_64.whl", hash = "sha256:2062ffb1d36544d42fcaa277b069c88b01bb7298f4efa06731a7fd6cc290b81a"},
    {file = "pillow-11.1.0-cp312-cp312-macosx_11_0_arm64.whl", hash = "sha256:a85b653980faad27e88b141348707ceeef8a1186f75ecc600c395dcac19f385b"},
    {file = "pillow-11.1.0-cp312-cp312-manylinux_2_17_aarch64.manylinux2014_aarch64.whl", hash = "sha256:9409c080586d1f683df3f184f20e36fb647f2e0bc3988094d4fd8c9f4eb1b3b3"},
    {file = "pillow-11.1.0-cp312-cp312-manylinux_2_17_x86_64.manylinux2014_x86_64.whl", hash = "sha256:7fdadc077553621911f27ce206ffcbec7d3f8d7b50e0da39f10997e8e2bb7f6a"},
    {file = "pillow-11.1.0-cp312-cp312-manylinux_2_28_aarch64.whl", hash = "sha256:93a18841d09bcdd774dcdc308e4537e1f867b3dec059c131fde0327899734aa1"},
    {file = "pillow-11.1.0-cp312-cp312-manylinux_2_28_x86_64.whl", hash = "sha256:9aa9aeddeed452b2f616ff5507459e7bab436916ccb10961c4a382cd3e03f47f"},
    {file = "pillow-11.1.0-cp312-cp312-musllinux_1_2_aarch64.whl", hash = "sha256:3cdcdb0b896e981678eee140d882b70092dac83ac1cdf6b3a60e2216a73f2b91"},
    {file = "pillow-11.1.0-cp312-cp312-musllinux_1_2_x86_64.whl", hash = "sha256:36ba10b9cb413e7c7dfa3e189aba252deee0602c86c309799da5a74009ac7a1c"},
    {file = "pillow-11.1.0-cp312-cp312-win32.whl", hash = "sha256:cfd5cd998c2e36a862d0e27b2df63237e67273f2fc78f47445b14e73a810e7e6"},
    {file = "pillow-11.1.0-cp312-cp312-win_amd64.whl", hash = "sha256:a697cd8ba0383bba3d2d3ada02b34ed268cb548b369943cd349007730c92bddf"},
    {file = "pillow-11.1.0-cp312-cp312-win_arm64.whl", hash = "sha256:4dd43a78897793f60766563969442020e90eb7847463eca901e41ba186a7d4a5"},
    {file = "pillow-11.1.0-cp313-cp313-macosx_10_13_x86_64.whl", hash = "sha256:ae98e14432d458fc3de11a77ccb3ae65ddce70f730e7c76140653048c71bfcbc"},
    {file = "pillow-11.1.0-cp313-cp313-macosx_11_0_arm64.whl", hash = "sha256:cc1331b6d5a6e144aeb5e626f4375f5b7ae9934ba620c0ac6b3e43d5e683a0f0"},
    {file = "pillow-11.1.0-cp313-cp313-manylinux_2_17_aarch64.manylinux2014_aarch64.whl", hash = "sha256:758e9d4ef15d3560214cddbc97b8ef3ef86ce04d62ddac17ad39ba87e89bd3b1"},
    {file = "pillow-11.1.0-cp313-cp313-manylinux_2_17_x86_64.manylinux2014_x86_64.whl", hash = "sha256:b523466b1a31d0dcef7c5be1f20b942919b62fd6e9a9be199d035509cbefc0ec"},
    {file = "pillow-11.1.0-cp313-cp313-manylinux_2_28_aarch64.whl", hash = "sha256:9044b5e4f7083f209c4e35aa5dd54b1dd5b112b108648f5c902ad586d4f945c5"},
    {file = "pillow-11.1.0-cp313-cp313-manylinux_2_28_x86_64.whl", hash = "sha256:3764d53e09cdedd91bee65c2527815d315c6b90d7b8b79759cc48d7bf5d4f114"},
    {file = "pillow-11.1.0-cp313-cp313-musllinux_1_2_aarch64.whl", hash = "sha256:31eba6bbdd27dde97b0174ddf0297d7a9c3a507a8a1480e1e60ef914fe23d352"},
    {file = "pillow-11.1.0-cp313-cp313-musllinux_1_2_x86_64.whl", hash = "sha256:b5d658fbd9f0d6eea113aea286b21d3cd4d3fd978157cbf2447a6035916506d3"},
    {file = "pillow-11.1.0-cp313-cp313-win32.whl", hash = "sha256:f86d3a7a9af5d826744fabf4afd15b9dfef44fe69a98541f666f66fbb8d3fef9"},
    {file = "pillow-11.1.0-cp313-cp313-win_amd64.whl", hash = "sha256:593c5fd6be85da83656b93ffcccc2312d2d149d251e98588b14fbc288fd8909c"},
    {file = "pillow-11.1.0-cp313-cp313-win_arm64.whl", hash = "sha256:11633d58b6ee5733bde153a8dafd25e505ea3d32e261accd388827ee987baf65"},
    {file = "pillow-11.1.0-cp313-cp313t-macosx_10_13_x86_64.whl", hash = "sha256:70ca5ef3b3b1c4a0812b5c63c57c23b63e53bc38e758b37a951e5bc466449861"},
    {file = "pillow-11.1.0-cp313-cp313t-macosx_11_0_arm64.whl", hash = "sha256:8000376f139d4d38d6851eb149b321a52bb8893a88dae8ee7d95840431977081"},
    {file = "pillow-11.1.0-cp313-cp313t-manylinux_2_17_x86_64.manylinux2014_x86_64.whl", hash = "sha256:9ee85f0696a17dd28fbcfceb59f9510aa71934b483d1f5601d1030c3c8304f3c"},
    {file = "pillow-11.1.0-cp313-cp313t-manylinux_2_28_x86_64.whl", hash = "sha256:dd0e081319328928531df7a0e63621caf67652c8464303fd102141b785ef9547"},
    {file = "pillow-11.1.0-cp313-cp313t-musllinux_1_2_x86_64.whl", hash = "sha256:e63e4e5081de46517099dc30abe418122f54531a6ae2ebc8680bcd7096860eab"},
    {file = "pillow-11.1.0-cp313-cp313t-win32.whl", hash = "sha256:dda60aa465b861324e65a78c9f5cf0f4bc713e4309f83bc387be158b077963d9"},
    {file = "pillow-11.1.0-cp313-cp313t-win_amd64.whl", hash = "sha256:ad5db5781c774ab9a9b2c4302bbf0c1014960a0a7be63278d13ae6fdf88126fe"},
    {file = "pillow-11.1.0-cp313-cp313t-win_arm64.whl", hash = "sha256:67cd427c68926108778a9005f2a04adbd5e67c442ed21d95389fe1d595458756"},
    {file = "pillow-11.1.0-cp39-cp39-macosx_10_10_x86_64.whl", hash = "sha256:bf902d7413c82a1bfa08b06a070876132a5ae6b2388e2712aab3a7cbc02205c6"},
    {file = "pillow-11.1.0-cp39-cp39-macosx_11_0_arm64.whl", hash = "sha256:c1eec9d950b6fe688edee07138993e54ee4ae634c51443cfb7c1e7613322718e"},
    {file = "pillow-11.1.0-cp39-cp39-manylinux_2_17_aarch64.manylinux2014_aarch64.whl", hash = "sha256:8e275ee4cb11c262bd108ab2081f750db2a1c0b8c12c1897f27b160c8bd57bbc"},
    {file = "pillow-11.1.0-cp39-cp39-manylinux_2_17_x86_64.manylinux2014_x86_64.whl", hash = "sha256:4db853948ce4e718f2fc775b75c37ba2efb6aaea41a1a5fc57f0af59eee774b2"},
    {file = "pillow-11.1.0-cp39-cp39-manylinux_2_28_aarch64.whl", hash = "sha256:ab8a209b8485d3db694fa97a896d96dd6533d63c22829043fd9de627060beade"},
    {file = "pillow-11.1.0-cp39-cp39-manylinux_2_28_x86_64.whl", hash = "sha256:54251ef02a2309b5eec99d151ebf5c9904b77976c8abdcbce7891ed22df53884"},
    {file = "pillow-11.1.0-cp39-cp39-musllinux_1_2_aarch64.whl", hash = "sha256:5bb94705aea800051a743aa4874bb1397d4695fb0583ba5e425ee0328757f196"},
    {file = "pillow-11.1.0-cp39-cp39-musllinux_1_2_x86_64.whl", hash = "sha256:89dbdb3e6e9594d512780a5a1c42801879628b38e3efc7038094430844e271d8"},
    {file = "pillow-11.1.0-cp39-cp39-win32.whl", hash = "sha256:e5449ca63da169a2e6068dd0e2fcc8d91f9558aba89ff6d02121ca8ab11e79e5"},
    {file = "pillow-11.1.0-cp39-cp39-win_amd64.whl", hash = "sha256:3362c6ca227e65c54bf71a5f88b3d4565ff1bcbc63ae72c34b07bbb1cc59a43f"},
    {file = "pillow-11.1.0-cp39-cp39-win_arm64.whl", hash = "sha256:b20be51b37a75cc54c2c55def3fa2c65bb94ba859dde241cd0a4fd302de5ae0a"},
    {file = "pillow-11.1.0-pp310-pypy310_pp73-macosx_10_15_x86_64.whl", hash = "sha256:8c730dc3a83e5ac137fbc92dfcfe1511ce3b2b5d7578315b63dbbb76f7f51d90"},
    {file = "pillow-11.1.0-pp310-pypy310_pp73-macosx_11_0_arm64.whl", hash = "sha256:7d33d2fae0e8b170b6a6c57400e077412240f6f5bb2a342cf1ee512a787942bb"},
    {file = "pillow-11.1.0-pp310-pypy310_pp73-manylinux_2_17_aarch64.manylinux2014_aarch64.whl", hash = "sha256:a8d65b38173085f24bc07f8b6c505cbb7418009fa1a1fcb111b1f4961814a442"},
    {file = "pillow-11.1.0-pp310-pypy310_pp73-manylinux_2_17_x86_64.manylinux2014_x86_64.whl", hash = "sha256:015c6e863faa4779251436db398ae75051469f7c903b043a48f078e437656f83"},
    {file = "pillow-11.1.0-pp310-pypy310_pp73-manylinux_2_28_aarch64.whl", hash = "sha256:d44ff19eea13ae4acdaaab0179fa68c0c6f2f45d66a4d8ec1eda7d6cecbcc15f"},
    {file = "pillow-11.1.0-pp310-pypy310_pp73-manylinux_2_28_x86_64.whl", hash = "sha256:d3d8da4a631471dfaf94c10c85f5277b1f8e42ac42bade1ac67da4b4a7359b73"},
    {file = "pillow-11.1.0-pp310-pypy310_pp73-win_amd64.whl", hash = "sha256:4637b88343166249fe8aa94e7c4a62a180c4b3898283bb5d3d2fd5fe10d8e4e0"},
    {file = "pillow-11.1.0.tar.gz", hash = "sha256:368da70808b36d73b4b390a8ffac11069f8a5c85f29eff1f1b01bcf3ef5b2a20"},
]

[package.extras]
docs = ["furo", "olefile", "sphinx (>=8.1)", "sphinx-copybutton", "sphinx-inline-tabs", "sphinxext-opengraph"]
fpx = ["olefile"]
mic = ["olefile"]
tests = ["check-manifest", "coverage (>=7.4.2)", "defusedxml", "markdown2", "olefile", "packaging", "pyroma", "pytest", "pytest-cov", "pytest-timeout", "trove-classifiers (>=2024.10.12)"]
typing = ["typing-extensions ; python_version < \"3.10\""]
xmp = ["defusedxml"]

[[package]]
name = "python-memcached"
version = "1.62"
description = "Pure python memcached client"
optional = false
python-versions = "*"
groups = ["main"]
files = [
    {file = "python-memcached-1.62.tar.gz", hash = "sha256:0285470599b7f593fbf3bec084daa1f483221e68c1db2cf1d846a9f7c2655103"},
    {file = "python_memcached-1.62-py2.py3-none-any.whl", hash = "sha256:1bdd8d2393ff53e80cd5e9442d750e658e0b35c3eebb3211af137303e3b729d1"},
]

[[package]]
name = "pytz"
version = "2025.2"
description = "World timezone definitions, modern and historical"
optional = false
python-versions = "*"
groups = ["main"]
files = [
    {file = "pytz-2025.2-py2.py3-none-any.whl", hash = "sha256:5ddf76296dd8c44c26eb8f4b6f35488f3ccbf6fbbd7adee0b7262d43f0ec2f00"},
    {file = "pytz-2025.2.tar.gz", hash = "sha256:360b9e3dbb49a209c21ad61809c7fb453643e048b38924c765813546746e81c3"},
]

[[package]]
name = "rcssmin"
version = "1.1.2"
description = "CSS Minifier"
optional = false
python-versions = "*"
groups = ["main"]
files = [
    {file = "rcssmin-1.1.2-cp27-cp27m-manylinux1_i686.whl", hash = "sha256:0101a55992ded00220d38ebaf003d0858c1e6e8b365df6f18f9d7a2cdc5574b3"},
    {file = "rcssmin-1.1.2-cp27-cp27m-manylinux1_x86_64.whl", hash = "sha256:9d7a5c6a08948ae5d7e1422ac34031fc05242786e6b600b37948412ee16f3655"},
    {file = "rcssmin-1.1.2-cp27-cp27mu-manylinux1_i686.whl", hash = "sha256:5f602bcaa457680a89904c10d1a539ffae5d4de08ec61a2044efc93c9a743860"},
    {file = "rcssmin-1.1.2-cp27-cp27mu-manylinux1_x86_64.whl", hash = "sha256:d9384421d8cb516202349da7b6502d77df14860fa710f91dbe0b03b3b895dda3"},
    {file = "rcssmin-1.1.2-cp310-cp310-manylinux1_i686.whl", hash = "sha256:d40964dc7fbd74be30b1ef5543bb75c479a53d53362ecccba3f1a5de6453faca"},
    {file = "rcssmin-1.1.2-cp310-cp310-manylinux1_x86_64.whl", hash = "sha256:c9a55657a3d11c5901259b14f941ed7eec118cd5a4416535102eda491de6753f"},
    {file = "rcssmin-1.1.2-cp310-cp310-manylinux2014_aarch64.whl", hash = "sha256:065b7f85902c87011951b1d084fa694099d70feb6bef1c3e89456a1a0668c73b"},
    {file = "rcssmin-1.1.2-cp310-cp310-musllinux_1_1_aarch64.whl", hash = "sha256:b37db48eacf5b8ad09ee14eb25db8cc7176ce2339c1028499547858c152a936a"},
    {file = "rcssmin-1.1.2-cp310-cp310-musllinux_1_1_i686.whl", hash = "sha256:f1468ccbfe16a2b4cff5bc0d330488bb496f71b542d26bd2005b2ab05a295752"},
    {file = "rcssmin-1.1.2-cp310-cp310-musllinux_1_1_x86_64.whl", hash = "sha256:b3577e4955b89324cd8214ae8e9c2ce452197ea2f789527538cf41e662930495"},
    {file = "rcssmin-1.1.2-cp311-cp311-manylinux1_i686.whl", hash = "sha256:83dd2c3f7b70fae9c97bab99fd7a709dc852f0bc3e7482f8cfb378e0c5f1aed8"},
    {file = "rcssmin-1.1.2-cp311-cp311-manylinux1_x86_64.whl", hash = "sha256:2219d704f27006ecd17ef4b5744cac5f68a276be0889b114130660fb798f3583"},
    {file = "rcssmin-1.1.2-cp311-cp311-manylinux2014_aarch64.whl", hash = "sha256:a5e758c8db03a57fef847542bf14d96da75913cc0e2495540c018943c1f2d142"},
    {file = "rcssmin-1.1.2-cp311-cp311-musllinux_1_1_aarch64.whl", hash = "sha256:a0e353ecbfde3dba0a6579a674fc1dcdc1ff7e47ceff3b29beb6e235b53a981c"},
    {file = "rcssmin-1.1.2-cp311-cp311-musllinux_1_1_i686.whl", hash = "sha256:140d1c0ba21fb8c3a2bafae164540a6816e8ec3492bea6ace0c52eebd2cf303f"},
    {file = "rcssmin-1.1.2-cp311-cp311-musllinux_1_1_x86_64.whl", hash = "sha256:ef0d472d8f6b8271fef3e388f98085a257703a635556a3ea77287616ab594ea9"},
    {file = "rcssmin-1.1.2-cp312-cp312-manylinux1_i686.whl", hash = "sha256:e58a54e63f79c996284240ec2dfb2992e8b90ad8941b1c70997e256b65940de7"},
    {file = "rcssmin-1.1.2-cp312-cp312-manylinux1_x86_64.whl", hash = "sha256:657324bfb76fa9e97badabe26af97a1622446f33c9073dd0510c7c7e8c7b96da"},
    {file = "rcssmin-1.1.2-cp312-cp312-manylinux2014_aarch64.whl", hash = "sha256:fdffd58868a752cac0400249ce21bddf55e00d3206f8885d4a3aca1dab487070"},
    {file = "rcssmin-1.1.2-cp312-cp312-musllinux_1_1_aarch64.whl", hash = "sha256:82aad2c3526055956fba537ab067ad937b3f57a1bd13c89bf691fced9c24c89d"},
    {file = "rcssmin-1.1.2-cp312-cp312-musllinux_1_1_i686.whl", hash = "sha256:3a860a1f4304e9813900f70fe6b1d429aff73a6fa30ef07f345f68d0a4e33abc"},
    {file = "rcssmin-1.1.2-cp312-cp312-musllinux_1_1_x86_64.whl", hash = "sha256:0451a2c7e7c1ff893ecb7820de862f2ea6336cc69d473ecb0206212e49c817fc"},
    {file = "rcssmin-1.1.2-cp36-cp36m-manylinux1_i686.whl", hash = "sha256:283b5931eb25e159c0c37bba0717cf3ada2ff77a2827337790cd3921d33ae1eb"},
    {file = "rcssmin-1.1.2-cp36-cp36m-manylinux1_x86_64.whl", hash = "sha256:4cf7de426fbcce30df31261c1ce84d06fb2ae2f239b0c16ab7e9e083e0462432"},
    {file = "rcssmin-1.1.2-cp36-cp36m-manylinux2014_aarch64.whl", hash = "sha256:47d4d5d67f9ab8f18a6412f8eff843612ebddfff131260fd25a0b273a3d3b1a0"},
    {file = "rcssmin-1.1.2-cp36-cp36m-musllinux_1_1_aarch64.whl", hash = "sha256:ce4fce4b3f0cf3621f13f6b8aebbe6c90de3587e383d13dbc7c4c1576f27fda8"},
    {file = "rcssmin-1.1.2-cp36-cp36m-musllinux_1_1_i686.whl", hash = "sha256:3ab50d50ecbfa41d8984b545871df447c90a0c55e16a594e0c97057eb694a7af"},
    {file = "rcssmin-1.1.2-cp36-cp36m-musllinux_1_1_x86_64.whl", hash = "sha256:8eddfed4ac175a97eb228a289f820ff1bffcc3db7c63345e4590a49de7051244"},
    {file = "rcssmin-1.1.2-cp37-cp37m-manylinux1_i686.whl", hash = "sha256:bc2d0ccf449f3f4c385789c9e7898f77fa40f88211cc7d385502f5ea11bc36f4"},
    {file = "rcssmin-1.1.2-cp37-cp37m-manylinux1_x86_64.whl", hash = "sha256:754c3cab791da42cabfd430289dd991183d2e97f6c36a758ac4fd83c6998cb77"},
    {file = "rcssmin-1.1.2-cp37-cp37m-manylinux2014_aarch64.whl", hash = "sha256:997d3f6defd707f8a7bd39cedb765cedbf9c790ed0bc1f1c8fb65f4026007021"},
    {file = "rcssmin-1.1.2-cp37-cp37m-musllinux_1_1_aarch64.whl", hash = "sha256:9c9688d42654f06535a2a052a0c2f02989b9052149f6cd3263ed320a10379657"},
    {file = "rcssmin-1.1.2-cp37-cp37m-musllinux_1_1_i686.whl", hash = "sha256:a8856db4529e524a632478d88f34d075ec7e772804257d9b99071b8bdd5f3733"},
    {file = "rcssmin-1.1.2-cp37-cp37m-musllinux_1_1_x86_64.whl", hash = "sha256:d59a28d6819ad43ed660dfcdf297593f04e8bc227d7abd9548f12a16d6e645f1"},
    {file = "rcssmin-1.1.2-cp38-cp38-manylinux1_i686.whl", hash = "sha256:d1c9efc26682ff610194a0c56b0f192355136e066ff78683806778f0bc5e5093"},
    {file = "rcssmin-1.1.2-cp38-cp38-manylinux1_x86_64.whl", hash = "sha256:e5f08c79991c8ee0aa7064aa58ae92b0811d4a84948636ec0219b39d257470aa"},
    {file = "rcssmin-1.1.2-cp38-cp38-manylinux2014_aarch64.whl", hash = "sha256:2d39b277a568f6208a4beea237c2d1188bd680deaff39f3742278462645a87ed"},
    {file = "rcssmin-1.1.2-cp38-cp38-musllinux_1_1_aarch64.whl", hash = "sha256:2b6a19926f7257ebb7d23040bb0ace05fa43dff7b60d8a9c35bfdf551fa57686"},
    {file = "rcssmin-1.1.2-cp38-cp38-musllinux_1_1_i686.whl", hash = "sha256:69283a445483ac439af10ca9f50463c3770ef79a99833af7d5105c75f8ab3c5d"},
    {file = "rcssmin-1.1.2-cp38-cp38-musllinux_1_1_x86_64.whl", hash = "sha256:a8e4c1bfa110d450970df60d904feab71c287e777a3cf522fd20e766483c8ce4"},
    {file = "rcssmin-1.1.2-cp39-cp39-manylinux1_i686.whl", hash = "sha256:19e48f7f66a3fa329215a02b3a952737b0b12f9976cd79ff2c236f96960d71d1"},
    {file = "rcssmin-1.1.2-cp39-cp39-manylinux1_x86_64.whl", hash = "sha256:e3ad642a1bfcbbddc3c36ad4c5676ef53267dd7c193c746a2f6670fe5bd03a60"},
    {file = "rcssmin-1.1.2-cp39-cp39-manylinux2014_aarch64.whl", hash = "sha256:20f8592341960b031967f7ada165e6c8077dfc01eb4092fb970a5a4e64506695"},
    {file = "rcssmin-1.1.2-cp39-cp39-musllinux_1_1_aarch64.whl", hash = "sha256:1c1d9a24132f4c48d080a59c20fce99a4fd9c393eb63f9779f2497ae28992de1"},
    {file = "rcssmin-1.1.2-cp39-cp39-musllinux_1_1_i686.whl", hash = "sha256:50576521c1e08e8f137225b8a6e8ae88e867f53dfd82c537616591c67f112aad"},
    {file = "rcssmin-1.1.2-cp39-cp39-musllinux_1_1_x86_64.whl", hash = "sha256:f363c9d242e1afce4fafbbf6bed52452464b19199e66075bed606764f31ca329"},
    {file = "rcssmin-1.1.2.tar.gz", hash = "sha256:bc75eb75bd6d345c0c51fd80fc487ddd6f9fd409dd7861b3fe98dee85018e1e9"},
]

[[package]]
name = "requests"
version = "2.32.3"
description = "Python HTTP for Humans."
optional = false
python-versions = ">=3.8"
groups = ["main"]
files = [
    {file = "requests-2.32.3-py3-none-any.whl", hash = "sha256:70761cfe03c773ceb22aa2f671b4757976145175cdfca038c02654d061d6dcc6"},
    {file = "requests-2.32.3.tar.gz", hash = "sha256:55365417734eb18255590a9ff9eb97e9e1da868d4ccd6402399eaf68af20a760"},
]

[package.dependencies]
certifi = ">=2017.4.17"
charset-normalizer = ">=2,<4"
idna = ">=2.5,<4"
urllib3 = ">=1.21.1,<3"

[package.extras]
socks = ["PySocks (>=1.5.6,!=1.5.7)"]
use-chardet-on-py3 = ["chardet (>=3.0.2,<6)"]

[[package]]
name = "rjsmin"
version = "1.2.2"
description = "Javascript Minifier"
optional = false
python-versions = "*"
groups = ["main"]
files = [
    {file = "rjsmin-1.2.2-cp27-cp27m-manylinux1_i686.whl", hash = "sha256:4420107304ba7a00b5b9b56cdcd166b9876b34e626829fc4552c85d8fdc3737a"},
    {file = "rjsmin-1.2.2-cp27-cp27m-manylinux1_x86_64.whl", hash = "sha256:155a2f3312c1f8c6cec7b5080581cafc761dc0e41d64bfb5d46a772c5230ded8"},
    {file = "rjsmin-1.2.2-cp27-cp27mu-manylinux1_i686.whl", hash = "sha256:88fcb58d65f88cbfa752d51c1ebe5845553f9706def6d9671e98283411575e3e"},
    {file = "rjsmin-1.2.2-cp27-cp27mu-manylinux1_x86_64.whl", hash = "sha256:6eae13608b88f4ce32e0557c8fdef58e69bb4d293182202a03e800f0d33b5268"},
    {file = "rjsmin-1.2.2-cp310-cp310-manylinux1_i686.whl", hash = "sha256:81f92fb855fb613ebd04a6d6d46483e71fe3c4f22042dc30dcc938fbd748e59c"},
    {file = "rjsmin-1.2.2-cp310-cp310-manylinux1_x86_64.whl", hash = "sha256:897db9bf25538047e9388951d532dc291a629b5d041180a8a1a8c102e9d44b90"},
    {file = "rjsmin-1.2.2-cp310-cp310-manylinux2014_aarch64.whl", hash = "sha256:5938af8c46734f92f74fdc4d0b6324137c0e09f0a8c3825c83e4cfca1b532e40"},
    {file = "rjsmin-1.2.2-cp310-cp310-musllinux_1_1_aarch64.whl", hash = "sha256:0424a7b9096fa2b0ab577c4dc7acd683e6cfb5c718ad39a9fb293cb6cbaba95b"},
    {file = "rjsmin-1.2.2-cp310-cp310-musllinux_1_1_i686.whl", hash = "sha256:1714ed93c2bd40c5f970905d2eeda4a6844e09087ae11277d4d43b3e68c32a47"},
    {file = "rjsmin-1.2.2-cp310-cp310-musllinux_1_1_x86_64.whl", hash = "sha256:35596fa6d2d44a5471715c464657123995da78aa6f79bccfbb4b8d6ff7d0a4b4"},
    {file = "rjsmin-1.2.2-cp311-cp311-manylinux1_i686.whl", hash = "sha256:3968667158948355b9a62e9641497aac7ac069c076a595e93199d0fe3a40217a"},
    {file = "rjsmin-1.2.2-cp311-cp311-manylinux1_x86_64.whl", hash = "sha256:d07d14354694f6a47f572f2aa2a1ad74b76723e62a0d2b6df796138b71888247"},
    {file = "rjsmin-1.2.2-cp311-cp311-manylinux2014_aarch64.whl", hash = "sha256:a78dfa6009235b902454ac53264252b7b94f1e43e3a9e97c4cadae88e409b882"},
    {file = "rjsmin-1.2.2-cp311-cp311-musllinux_1_1_aarch64.whl", hash = "sha256:9b7a45001e58243a455d11d2de925cadb8c2a0dc737001de646a0f4d90cf0034"},
    {file = "rjsmin-1.2.2-cp311-cp311-musllinux_1_1_i686.whl", hash = "sha256:86c5e657b74b6c9482bb96f18a79d61750f4e8204759cce179f7eb17d395c683"},
    {file = "rjsmin-1.2.2-cp311-cp311-musllinux_1_1_x86_64.whl", hash = "sha256:8c2c30b86c7232443a4a726e1bbee34f800556e581e95fc07194ecbf8e02d1d2"},
    {file = "rjsmin-1.2.2-cp312-cp312-manylinux1_i686.whl", hash = "sha256:8982c3ef27fac26dd6b7d0c55ae98fa550fee72da2db010b87211e4b5dd78a67"},
    {file = "rjsmin-1.2.2-cp312-cp312-manylinux1_x86_64.whl", hash = "sha256:3fc27ae4ece99e2c994cd79df2f0d3f7ac650249f632d19aa8ce85118e33bf0f"},
    {file = "rjsmin-1.2.2-cp312-cp312-manylinux2014_aarch64.whl", hash = "sha256:41113d8d6cae7f7406b30143cc49cc045bbb3fadc2f28df398cea30e1daa60b1"},
    {file = "rjsmin-1.2.2-cp312-cp312-musllinux_1_1_aarch64.whl", hash = "sha256:3aa09a89b2b7aa2b9251329fe0c3e36c2dc2f10f78b8811e5be92a072596348b"},
    {file = "rjsmin-1.2.2-cp312-cp312-musllinux_1_1_i686.whl", hash = "sha256:5abb8d1241f4ea97950b872fa97a422ba8413fe02358f64128ff0cf745017f07"},
    {file = "rjsmin-1.2.2-cp312-cp312-musllinux_1_1_x86_64.whl", hash = "sha256:5abc686a9ef7eaf208f9ad1fb5fb949556ecb7cc1fee27290eb7f194e01d97bd"},
    {file = "rjsmin-1.2.2-cp36-cp36m-manylinux1_i686.whl", hash = "sha256:076adcf04c34f712c9427fd9ba6a75bbf7aab975650dfc78cbdd0fbdbe49ca63"},
    {file = "rjsmin-1.2.2-cp36-cp36m-manylinux1_x86_64.whl", hash = "sha256:8cb8947ddd250fce58261b0357846cd5d55419419c0f7dfb131dc4b733579a26"},
    {file = "rjsmin-1.2.2-cp36-cp36m-manylinux2014_aarch64.whl", hash = "sha256:9069c48b6508b9c5b05435e2c6042c2a0e2f97b35d7b9c27ceaea5fd377ffdc5"},
    {file = "rjsmin-1.2.2-cp36-cp36m-musllinux_1_1_aarch64.whl", hash = "sha256:02b61cf9b6bc518fdac667f3ca3dab051cb8bd1bf4cba28b6d29153ec27990ad"},
    {file = "rjsmin-1.2.2-cp36-cp36m-musllinux_1_1_i686.whl", hash = "sha256:09eca8581797244587916e5e07e36c4c86d54a4b7e5c7697484a95b75803515d"},
    {file = "rjsmin-1.2.2-cp36-cp36m-musllinux_1_1_x86_64.whl", hash = "sha256:c52b9dd45c837f1c5c2e8d40776f9e63257f8dbd5f79b85f648cc70da6c1e4e9"},
    {file = "rjsmin-1.2.2-cp37-cp37m-manylinux1_i686.whl", hash = "sha256:4fe4ce990412c053a6bcd47d55133927e22fd3d100233d73355f60f9053054c5"},
    {file = "rjsmin-1.2.2-cp37-cp37m-manylinux1_x86_64.whl", hash = "sha256:aa883b9363b5134239066060879d5eb422a0d4ccf24ccf871f65a5b34c64926f"},
    {file = "rjsmin-1.2.2-cp37-cp37m-manylinux2014_aarch64.whl", hash = "sha256:6f4e95c5ac95b4cbb519917b3aa1d3d92fc6939c371637674c4a42b67b2b3f44"},
    {file = "rjsmin-1.2.2-cp37-cp37m-musllinux_1_1_aarch64.whl", hash = "sha256:ae3cd64e18e62aa330b24dd6f7b9809ce0a694afd1f01fe99c21f9acd1cb0ea6"},
    {file = "rjsmin-1.2.2-cp37-cp37m-musllinux_1_1_i686.whl", hash = "sha256:7999d797fcf805844d2d91598651785497249f592f31674da0964e794b3be019"},
    {file = "rjsmin-1.2.2-cp37-cp37m-musllinux_1_1_x86_64.whl", hash = "sha256:e733fea039a7b5ad7c06cc8bf215ee7afac81d462e273b3ab55c1ccc906cf127"},
    {file = "rjsmin-1.2.2-cp38-cp38-manylinux1_i686.whl", hash = "sha256:ccca74461bd53a99ff3304fcf299ea861df89846be3207329cb82d717ce47ea6"},
    {file = "rjsmin-1.2.2-cp38-cp38-manylinux1_x86_64.whl", hash = "sha256:88f59ad24f91bf9c25d5c2ca3c84a72eed0028f57a98e3b85a915ece5c25be1e"},
    {file = "rjsmin-1.2.2-cp38-cp38-manylinux2014_aarch64.whl", hash = "sha256:7a8b56fbd64adcc4402637f0e07b90b441e9981d720a10eb6265118018b42682"},
    {file = "rjsmin-1.2.2-cp38-cp38-musllinux_1_1_aarch64.whl", hash = "sha256:2c24686cfdf86e55692183f7867e72c9e982add479c244eda7b8390f96db2c6c"},
    {file = "rjsmin-1.2.2-cp38-cp38-musllinux_1_1_i686.whl", hash = "sha256:6c0d9f9ea8d9cd48cbcdc74a1c2e85d4d588af12bb8f0b672070ae7c9b6e6306"},
    {file = "rjsmin-1.2.2-cp38-cp38-musllinux_1_1_x86_64.whl", hash = "sha256:27abd32c9f5b6e0c0a3bcad43e8e24108c6d6c13a4e6c50c97497ea2b4614bb4"},
    {file = "rjsmin-1.2.2-cp39-cp39-manylinux1_i686.whl", hash = "sha256:e0e009f6f8460901f5144b34ac2948f94af2f9b8c9b5425da705dbc8152c36c2"},
    {file = "rjsmin-1.2.2-cp39-cp39-manylinux1_x86_64.whl", hash = "sha256:41e6013cb37a5b3563c19aa35f8e659fa536aa4197a0e3b6a57a381638294a15"},
    {file = "rjsmin-1.2.2-cp39-cp39-manylinux2014_aarch64.whl", hash = "sha256:62cbd38c9f5090f0a6378a45c415b4f96ae871216cedab0dfa21965620c0be4c"},
    {file = "rjsmin-1.2.2-cp39-cp39-musllinux_1_1_aarch64.whl", hash = "sha256:2fd5254d36f10a17564b63e8bf9ac579c7b5f211364e11e9753ff5b562843c67"},
    {file = "rjsmin-1.2.2-cp39-cp39-musllinux_1_1_i686.whl", hash = "sha256:6cf0309d001a0d45d731dbaab1afd0c23d135c9e029fe56c935c1798094686fc"},
    {file = "rjsmin-1.2.2-cp39-cp39-musllinux_1_1_x86_64.whl", hash = "sha256:bfbe333dab8d23f0a71da90e2d8e8b762a739cbd55a6f948b2dfda089b6d5853"},
    {file = "rjsmin-1.2.2.tar.gz", hash = "sha256:8c1bcd821143fecf23242012b55e13610840a839cd467b358f16359010d62dae"},
]

[[package]]
name = "six"
version = "1.17.0"
description = "Python 2 and 3 compatibility utilities"
optional = false
python-versions = "!=3.0.*,!=3.1.*,!=3.2.*,>=2.7"
groups = ["main"]
files = [
    {file = "six-1.17.0-py2.py3-none-any.whl", hash = "sha256:4721f391ed90541fddacab5acf947aa0d3dc7d27b2e1e8eda2be8970586c3274"},
    {file = "six-1.17.0.tar.gz", hash = "sha256:ff70335d468e7eb6ec65b95b99d3a2836546063f63acc5171de367e834932a81"},
]

[[package]]
name = "sqlparse"
version = "0.5.3"
description = "A non-validating SQL parser."
optional = false
python-versions = ">=3.8"
groups = ["main"]
files = [
    {file = "sqlparse-0.5.3-py3-none-any.whl", hash = "sha256:cf2196ed3418f3ba5de6af7e82c694a9fbdbfecccdfc72e281548517081f16ca"},
    {file = "sqlparse-0.5.3.tar.gz", hash = "sha256:09f67787f56a0b16ecdbde1bfc7f5d9c3371ca683cfeaa8e6ff60b4807ec9272"},
]

[package.extras]
dev = ["build", "hatch"]
doc = ["sphinx"]

[[package]]
name = "tzdata"
version = "2025.2"
description = "Provider of IANA time zone data"
optional = false
python-versions = ">=2"
groups = ["main"]
files = [
    {file = "tzdata-2025.2-py2.py3-none-any.whl", hash = "sha256:1a403fada01ff9221ca8044d701868fa132215d84beb92242d9acd2147f667a8"},
    {file = "tzdata-2025.2.tar.gz", hash = "sha256:b60a638fcc0daffadf82fe0f57e53d06bdec2f36c4df66280ae79bce6bd6f2b9"},
]

[[package]]
name = "urllib3"
version = "2.3.0"
description = "HTTP library with thread-safe connection pooling, file post, and more."
optional = false
python-versions = ">=3.9"
groups = ["main"]
files = [
    {file = "urllib3-2.3.0-py3-none-any.whl", hash = "sha256:1cee9ad369867bfdbbb48b7dd50374c0967a0bb7710050facf0dd6911440e3df"},
    {file = "urllib3-2.3.0.tar.gz", hash = "sha256:f8c5449b3cf0861679ce7e0503c7b44b5ec981bec0d1d3795a07f1ba96f0204d"},
]

[package.extras]
brotli = ["brotli (>=1.0.9) ; platform_python_implementation == \"CPython\"", "brotlicffi (>=0.8.0) ; platform_python_implementation != \"CPython\""]
h2 = ["h2 (>=4,<5)"]
socks = ["pysocks (>=1.5.6,!=1.5.7,<2.0)"]
zstd = ["zstandard (>=0.18.0)"]

[metadata]
lock-version = "2.1"
python-versions = "^3.12.9"
content-hash = "3cbe5f949cf9a355dec04e8ad461840ef52d0d3d318f840b33936d94092f9b85"
